
Microsoft Visual Studio Solution File, Format Version 12.00
# Visual Studio Version 17
VisualStudioVersion = 17.5.33209.295
MinimumVisualStudioVersion = 10.0.40219.1
Project("{9A19103F-16F7-4668-BE54-9A1E7A4F7556}") = "Basic_Add", "Basic\Basic_Add.csproj", "{EB63382B-4F9B-4063-BD26-7CBB8C1CDF22}"
EndProject
Global
	GlobalSection(SolutionConfigurationPlatforms) = preSolution
		Debug|Any CPU = Debug|Any CPU
		Release|Any CPU = Release|Any CPU
	EndGlobalSection
	GlobalSection(ProjectConfigurationPlatforms) = postSolution
		{EB63382B-4F9B-4063-BD26-7CBB8C1CDF22}.Debug|Any CPU.ActiveCfg = Debug|Any CPU
		{EB63382B-4F9B-4063-BD26-7CBB8C1CDF22}.Debug|Any CPU.Build.0 = Debug|Any CPU
		{EB63382B-4F9B-4063-BD26-7CBB8C1CDF22}.Release|Any CPU.ActiveCfg = Release|Any CPU
		{EB63382B-4F9B-4063-BD26-7CBB8C1CDF22}.Release|Any CPU.Build.0 = Release|Any CPU
	EndGlobalSection
	GlobalSection(SolutionProperties) = preSolution
		HideSolutionNode = FALSE
	EndGlobalSection
	GlobalSection(ExtensibilityGlobals) = postSolution
		SolutionGuid = {A92C1E7B-1F30-4B89-A5D1-D308A8CBC71D}
	EndGlobalSection
EndGlobal
