
Microsoft Visual Studio Solution File, Format Version 12.00
# Visual Studio Version 17
VisualStudioVersion = 17.5.33103.201
MinimumVisualStudioVersion = 10.0.40219.1
Project("{FAE04EC0-301F-11D3-BF4B-00C04F79EFBC}") = "DivisibleBy2Or3", "DivisibleBy2Or3\DivisibleBy2Or3.csproj", "{97C65971-F744-4147-BB95-5DC0C497DD06}"
EndProject
Global
	GlobalSection(SolutionConfigurationPlatforms) = preSolution
		Debug|Any CPU = Debug|Any CPU
		Release|Any CPU = Release|Any CPU
	EndGlobalSection
	GlobalSection(ProjectConfigurationPlatforms) = postSolution
		{97C65971-F744-4147-BB95-5DC0C497DD06}.Debug|Any CPU.ActiveCfg = Debug|Any CPU
		{97C65971-F744-4147-BB95-5DC0C497DD06}.Debug|Any CPU.Build.0 = Debug|Any CPU
		{97C65971-F744-4147-BB95-5DC0C497DD06}.Release|Any CPU.ActiveCfg = Release|Any CPU
		{97C65971-F744-4147-BB95-5DC0C497DD06}.Release|Any CPU.Build.0 = Release|Any CPU
	EndGlobalSection
	GlobalSection(SolutionProperties) = preSolution
		HideSolutionNode = FALSE
	EndGlobalSection
	GlobalSection(ExtensibilityGlobals) = postSolution
		SolutionGuid = {CA8F4162-823F-4A93-A280-173FEF04FE0A}
	EndGlobalSection
EndGlobal
