
Microsoft Visual Studio Solution File, Format Version 12.00
# Visual Studio Version 17
VisualStudioVersion = 17.5.33326.253
MinimumVisualStudioVersion = 10.0.40219.1
Project("{FAE04EC0-301F-11D3-BF4B-00C04F79EFBC}") = "DrawTriangle", "DrawTriangle\DrawTriangle.csproj", "{7069B3AD-FE04-4BE1-9C3E-A111880A672A}"
EndProject
Global
	GlobalSection(SolutionConfigurationPlatforms) = preSolution
		Debug|Any CPU = Debug|Any CPU
		Release|Any CPU = Release|Any CPU
	EndGlobalSection
	GlobalSection(ProjectConfigurationPlatforms) = postSolution
		{7069B3AD-FE04-4BE1-9C3E-A111880A672A}.Debug|Any CPU.ActiveCfg = Debug|Any CPU
		{7069B3AD-FE04-4BE1-9C3E-A111880A672A}.Debug|Any CPU.Build.0 = Debug|Any CPU
		{7069B3AD-FE04-4BE1-9C3E-A111880A672A}.Release|Any CPU.ActiveCfg = Release|Any CPU
		{7069B3AD-FE04-4BE1-9C3E-A111880A672A}.Release|Any CPU.Build.0 = Release|Any CPU
	EndGlobalSection
	GlobalSection(SolutionProperties) = preSolution
		HideSolutionNode = FALSE
	EndGlobalSection
	GlobalSection(ExtensibilityGlobals) = postSolution
		SolutionGuid = {616961BC-46B9-44A5-BA05-4BF34561365D}
	EndGlobalSection
EndGlobal
