
Microsoft Visual Studio Solution File, Format Version 12.00
# Visual Studio Version 17
VisualStudioVersion = 17.5.33209.295
MinimumVisualStudioVersion = 10.0.40219.1
Project("{9A19103F-16F7-4668-BE54-9A1E7A4F7556}") = "IsResultTheSame", "Is_result_the_same\IsResultTheSame.csproj", "{B2F88179-6ACF-41C9-A7A2-1E96BAF6D8DE}"
EndProject
Global
	GlobalSection(SolutionConfigurationPlatforms) = preSolution
		Debug|Any CPU = Debug|Any CPU
		Release|Any CPU = Release|Any CPU
	EndGlobalSection
	GlobalSection(ProjectConfigurationPlatforms) = postSolution
		{B2F88179-6ACF-41C9-A7A2-1E96BAF6D8DE}.Debug|Any CPU.ActiveCfg = Debug|Any CPU
		{B2F88179-6ACF-41C9-A7A2-1E96BAF6D8DE}.Debug|Any CPU.Build.0 = Debug|Any CPU
		{B2F88179-6ACF-41C9-A7A2-1E96BAF6D8DE}.Release|Any CPU.ActiveCfg = Release|Any CPU
		{B2F88179-6ACF-41C9-A7A2-1E96BAF6D8DE}.Release|Any CPU.Build.0 = Release|Any CPU
	EndGlobalSection
	GlobalSection(SolutionProperties) = preSolution
		HideSolutionNode = FALSE
	EndGlobalSection
	GlobalSection(ExtensibilityGlobals) = postSolution
		SolutionGuid = {03AD95D6-D9A8-4C48-B990-51A9D337DF0A}
	EndGlobalSection
EndGlobal
