
Microsoft Visual Studio Solution File, Format Version 12.00
# Visual Studio Version 17
VisualStudioVersion = 17.5.33326.253
MinimumVisualStudioVersion = 10.0.40219.1
Project("{FAE04EC0-301F-11D3-BF4B-00C04F79EFBC}") = "PersonStudentTeacher", "PersonStudentTeacher\PersonStudentTeacher.csproj", "{8D25ACE1-FEC7-4B84-9218-7939DA17EB84}"
EndProject
Global
	GlobalSection(SolutionConfigurationPlatforms) = preSolution
		Debug|Any CPU = Debug|Any CPU
		Release|Any CPU = Release|Any CPU
	EndGlobalSection
	GlobalSection(ProjectConfigurationPlatforms) = postSolution
		{8D25ACE1-FEC7-4B84-9218-7939DA17EB84}.Debug|Any CPU.ActiveCfg = Debug|Any CPU
		{8D25ACE1-FEC7-4B84-9218-7939DA17EB84}.Debug|Any CPU.Build.0 = Debug|Any CPU
		{8D25ACE1-FEC7-4B84-9218-7939DA17EB84}.Release|Any CPU.ActiveCfg = Release|Any CPU
		{8D25ACE1-FEC7-4B84-9218-7939DA17EB84}.Release|Any CPU.Build.0 = Release|Any CPU
	EndGlobalSection
	GlobalSection(SolutionProperties) = preSolution
		HideSolutionNode = FALSE
	EndGlobalSection
	GlobalSection(ExtensibilityGlobals) = postSolution
		SolutionGuid = {F37E9521-DA26-4DD3-9A4E-ECD7A7DD7B36}
	EndGlobalSection
EndGlobal
