
Microsoft Visual Studio Solution File, Format Version 12.00
# Visual Studio Version 17
VisualStudioVersion = 17.5.33103.201
MinimumVisualStudioVersion = 10.0.40219.1
Project("{FAE04EC0-301F-11D3-BF4B-00C04F79EFBC}") = "AbsoluteValue", "AbsoluteValue\AbsoluteValue.csproj", "{E51E2202-8FF0-408E-BD9E-4ECBBEE3C813}"
EndProject
Global
	GlobalSection(SolutionConfigurationPlatforms) = preSolution
		Debug|Any CPU = Debug|Any CPU
		Release|Any CPU = Release|Any CPU
	EndGlobalSection
	GlobalSection(ProjectConfigurationPlatforms) = postSolution
		{E51E2202-8FF0-408E-BD9E-4ECBBEE3C813}.Debug|Any CPU.ActiveCfg = Debug|Any CPU
		{E51E2202-8FF0-408E-BD9E-4ECBBEE3C813}.Debug|Any CPU.Build.0 = Debug|Any CPU
		{E51E2202-8FF0-408E-BD9E-4ECBBEE3C813}.Release|Any CPU.ActiveCfg = Release|Any CPU
		{E51E2202-8FF0-408E-BD9E-4ECBBEE3C813}.Release|Any CPU.Build.0 = Release|Any CPU
	EndGlobalSection
	GlobalSection(SolutionProperties) = preSolution
		HideSolutionNode = FALSE
	EndGlobalSection
	GlobalSection(ExtensibilityGlobals) = postSolution
		SolutionGuid = {1F5DAA1A-C323-4A2C-B612-B36E5A44B976}
	EndGlobalSection
EndGlobal
