
Microsoft Visual Studio Solution File, Format Version 12.00
# Visual Studio Version 17
VisualStudioVersion = 17.5.33209.295
MinimumVisualStudioVersion = 10.0.40219.1
Project("{FAE04EC0-301F-11D3-BF4B-00C04F79EFBC}") = "SwapTwoNumbers", "SwapTwoNumbers\SwapTwoNumbers.csproj", "{9B18D326-D920-48A6-A6C3-A68A15C33F8A}"
EndProject
Global
	GlobalSection(SolutionConfigurationPlatforms) = preSolution
		Debug|Any CPU = Debug|Any CPU
		Release|Any CPU = Release|Any CPU
	EndGlobalSection
	GlobalSection(ProjectConfigurationPlatforms) = postSolution
		{9B18D326-D920-48A6-A6C3-A68A15C33F8A}.Debug|Any CPU.ActiveCfg = Debug|Any CPU
		{9B18D326-D920-48A6-A6C3-A68A15C33F8A}.Debug|Any CPU.Build.0 = Debug|Any CPU
		{9B18D326-D920-48A6-A6C3-A68A15C33F8A}.Release|Any CPU.ActiveCfg = Release|Any CPU
		{9B18D326-D920-48A6-A6C3-A68A15C33F8A}.Release|Any CPU.Build.0 = Release|Any CPU
	EndGlobalSection
	GlobalSection(SolutionProperties) = preSolution
		HideSolutionNode = FALSE
	EndGlobalSection
	GlobalSection(ExtensibilityGlobals) = postSolution
		SolutionGuid = {6FD0BD87-A2C8-4BFA-BA2F-ED8C49B00649}
	EndGlobalSection
EndGlobal
