
Microsoft Visual Studio Solution File, Format Version 12.00
# Visual Studio Version 17
VisualStudioVersion = 17.5.33209.295
MinimumVisualStudioVersion = 10.0.40219.1
Project("{FAE04EC0-301F-11D3-BF4B-00C04F79EFBC}") = "Modulo_operations", "Modulo_operations\Modulo_operations.csproj", "{DCD3D5CF-2969-43B9-B529-4D7EAB5E3A00}"
EndProject
Global
	GlobalSection(SolutionConfigurationPlatforms) = preSolution
		Debug|Any CPU = Debug|Any CPU
		Release|Any CPU = Release|Any CPU
	EndGlobalSection
	GlobalSection(ProjectConfigurationPlatforms) = postSolution
		{DCD3D5CF-2969-43B9-B529-4D7EAB5E3A00}.Debug|Any CPU.ActiveCfg = Debug|Any CPU
		{DCD3D5CF-2969-43B9-B529-4D7EAB5E3A00}.Debug|Any CPU.Build.0 = Debug|Any CPU
		{DCD3D5CF-2969-43B9-B529-4D7EAB5E3A00}.Release|Any CPU.ActiveCfg = Release|Any CPU
		{DCD3D5CF-2969-43B9-B529-4D7EAB5E3A00}.Release|Any CPU.Build.0 = Release|Any CPU
	EndGlobalSection
	GlobalSection(SolutionProperties) = preSolution
		HideSolutionNode = FALSE
	EndGlobalSection
	GlobalSection(ExtensibilityGlobals) = postSolution
		SolutionGuid = {89F104AB-6F82-446D-BEC7-45DFFFFB56A4}
	EndGlobalSection
EndGlobal
